
Microsoft Visual Studio Solution File, Format Version 12.00
# Visual Studio Version 17
VisualStudioVersion = 17.3.32929.385
MinimumVisualStudioVersion = 10.0.40219.1
Project("{FAE04EC0-301F-11D3-BF4B-00C04F79EFBC}") = "DotAndComment", "DotAndComment\DotAndComment.csproj", "{67FF7461-4954-4105-95F5-46AC9AAC41F6}"
EndProject
Global
	GlobalSection(SolutionConfigurationPlatforms) = preSolution
		Debug|Any CPU = Debug|Any CPU
		Release|Any CPU = Release|Any CPU
	EndGlobalSection
	GlobalSection(ProjectConfigurationPlatforms) = postSolution
		{67FF7461-4954-4105-95F5-46AC9AAC41F6}.Debug|Any CPU.ActiveCfg = Debug|Any CPU
		{67FF7461-4954-4105-95F5-46AC9AAC41F6}.Debug|Any CPU.Build.0 = Debug|Any CPU
		{67FF7461-4954-4105-95F5-46AC9AAC41F6}.Release|Any CPU.ActiveCfg = Release|Any CPU
		{67FF7461-4954-4105-95F5-46AC9AAC41F6}.Release|Any CPU.Build.0 = Release|Any CPU
	EndGlobalSection
	GlobalSection(SolutionProperties) = preSolution
		HideSolutionNode = FALSE
	EndGlobalSection
	GlobalSection(ExtensibilityGlobals) = postSolution
		SolutionGuid = {A518841F-F0FF-45A7-B19E-1A88A982CB42}
	EndGlobalSection
EndGlobal
